// !$*UTF8*$!
{
	archiveVersion = 1;
	classes = {
	};
	objectVersion = 50;
	objects = {

/* Begin PBXBuildFile section */
		6DFF3DC020D8EB5F009A71E3 /* AppDelegate.swift in Sources */ = {isa = PBXBuildFile; fileRef = 6DFF3DBF20D8EB5F009A71E3 /* AppDelegate.swift */; };
		6DFF3DC220D8EB60009A71E3 /* ViewController.swift in Sources */ = {isa = PBXBuildFile; fileRef = 6DFF3DC120D8EB60009A71E3 /* ViewController.swift */; };
		6DFF3DC520D8EB60009A71E3 /* Main.storyboard in Resources */ = {isa = PBXBuildFile; fileRef = 6DFF3DC320D8EB60009A71E3 /* Main.storyboard */; };
		6DFF3DC720D8EB63009A71E3 /* Assets.xcassets in Resources */ = {isa = PBXBuildFile; fileRef = 6DFF3DC620D8EB63009A71E3 /* Assets.xcassets */; };
		6DFF3DCA20D8EB63009A71E3 /* LaunchScreen.storyboard in Resources */ = {isa = PBXBuildFile; fileRef = 6DFF3DC820D8EB63009A71E3 /* LaunchScreen.storyboard */; };
		6DFF3DD520D8EB63009A71E3 /* sampleTests.swift in Sources */ = {isa = PBXBuildFile; fileRef = 6DFF3DD420D8EB63009A71E3 /* sampleTests.swift */; };
		6DFF3DE020D8EB63009A71E3 /* sampleUITests.swift in Sources */ = {isa = PBXBuildFile; fileRef = 6DFF3DDF20D8EB63009A71E3 /* sampleUITests.swift */; };
/* End PBXBuildFile section */

/* Begin PBXContainerItemProxy section */
		6DFF3DD120D8EB63009A71E3 /* PBXContainerItemProxy */ = {
			isa = PBXContainerItemProxy;
			containerPortal = 6DFF3DB420D8EB5F009A71E3 /* Project object */;
			proxyType = 1;
			remoteGlobalIDString = 6DFF3DBB20D8EB5F009A71E3;
			remoteInfo = sample;
		};
		6DFF3DDC20D8EB63009A71E3 /* PBXContainerItemProxy */ = {
			isa = PBXContainerItemProxy;
			containerPortal = 6DFF3DB420D8EB5F009A71E3 /* Project object */;
			proxyType = 1;
			remoteGlobalIDString = 6DFF3DBB20D8EB5F009A71E3;
			remoteInfo = sample;
		};
/* End PBXContainerItemProxy section */

/* Begin PBXFileReference section */
		6DFF3DBC20D8EB5F009A71E3 /* sample.app */ = {isa = PBXFileReference; explicitFileType = wrapper.application; includeInIndex = 0; path = sample.app; sourceTree = BUILT_PRODUCTS_DIR; };
		6DFF3DBF20D8EB5F009A71E3 /* AppDelegate.swift */ = {isa = PBXFileReference; lastKnownFileType = sourcecode.swift; path = AppDelegate.swift; sourceTree = "<group>"; };
		6DFF3DC120D8EB60009A71E3 /* ViewController.swift */ = {isa = PBXFileReference; lastKnownFileType = sourcecode.swift; path = ViewController.swift; sourceTree = "<group>"; };
		6DFF3DC420D8EB60009A71E3 /* Base */ = {isa = PBXFileReference; lastKnownFileType = file.storyboard; name = Base; path = Base.lproj/Main.storyboard; sourceTree = "<group>"; };
		6DFF3DC620D8EB63009A71E3 /* Assets.xcassets */ = {isa = PBXFileReference; lastKnownFileType = folder.assetcatalog; path = Assets.xcassets; sourceTree = "<group>"; };
		6DFF3DC920D8EB63009A71E3 /* Base */ = {isa = PBXFileReference; lastKnownFileType = file.storyboard; name = Base; path = Base.lproj/LaunchScreen.storyboard; sourceTree = "<group>"; };
		6DFF3DCB20D8EB63009A71E3 /* Info.plist */ = {isa = PBXFileReference; lastKnownFileType = text.plist.xml; path = Info.plist; sourceTree = "<group>"; };
		6DFF3DD020D8EB63009A71E3 /* sampleTests.xctest */ = {isa = PBXFileReference; explicitFileType = wrapper.cfbundle; includeInIndex = 0; path = sampleTests.xctest; sourceTree = BUILT_PRODUCTS_DIR; };
		6DFF3DD420D8EB63009A71E3 /* sampleTests.swift */ = {isa = PBXFileReference; lastKnownFileType = sourcecode.swift; path = sampleTests.swift; sourceTree = "<group>"; };
		6DFF3DD620D8EB63009A71E3 /* Info.plist */ = {isa = PBXFileReference; lastKnownFileType = text.plist.xml; path = Info.plist; sourceTree = "<group>"; };
		6DFF3DDB20D8EB63009A71E3 /* sampleUITests.xctest */ = {isa = PBXFileReference; explicitFileType = wrapper.cfbundle; includeInIndex = 0; path = sampleUITests.xctest; sourceTree = BUILT_PRODUCTS_DIR; };
		6DFF3DDF20D8EB63009A71E3 /* sampleUITests.swift */ = {isa = PBXFileReference; lastKnownFileType = sourcecode.swift; path = sampleUITests.swift; sourceTree = "<group>"; };
		6DFF3DE120D8EB63009A71E3 /* Info.plist */ = {isa = PBXFileReference; lastKnownFileType = text.plist.xml; path = Info.plist; sourceTree = "<group>"; };
/* End PBXFileReference section */

/* Begin PBXFrameworksBuildPhase section */
		6DFF3DB920D8EB5F009A71E3 /* Frameworks */ = {
			isa = PBXFrameworksBuildPhase;
			buildActionMask = 2147483647;
			files = (
			);
			runOnlyForDeploymentPostprocessing = 0;
		};
		6DFF3DCD20D8EB63009A71E3 /* Frameworks */ = {
			isa = PBXFrameworksBuildPhase;
			buildActionMask = 2147483647;
			files = (
			);
			runOnlyForDeploymentPostprocessing = 0;
		};
		6DFF3DD820D8EB63009A71E3 /* Frameworks */ = {
			isa = PBXFrameworksBuildPhase;
			buildActionMask = 2147483647;
			files = (
			);
			runOnlyForDeploymentPostprocessing = 0;
		};
/* End PBXFrameworksBuildPhase section */

/* Begin PBXGroup section */
		6DFF3DB320D8EB5F009A71E3 = {
			isa = PBXGroup;
			children = (
				6DFF3DBE20D8EB5F009A71E3 /* sample */,
				6DFF3DD320D8EB63009A71E3 /* sampleTests */,
				6DFF3DDE20D8EB63009A71E3 /* sampleUITests */,
				6DFF3DBD20D8EB5F009A71E3 /* Products */,
			);
			sourceTree = "<group>";
		};
		6DFF3DBD20D8EB5F009A71E3 /* Products */ = {
			isa = PBXGroup;
			children = (
				6DFF3DBC20D8EB5F009A71E3 /* sample.app */,
				6DFF3DD020D8EB63009A71E3 /* sampleTests.xctest */,
				6DFF3DDB20D8EB63009A71E3 /* sampleUITests.xctest */,
			);
			name = Products;
			sourceTree = "<group>";
		};
		6DFF3DBE20D8EB5F009A71E3 /* sample */ = {
			isa = PBXGroup;
			children = (
				6DFF3DBF20D8EB5F009A71E3 /* AppDelegate.swift */,
				6DFF3DC120D8EB60009A71E3 /* ViewController.swift */,
				6DFF3DC320D8EB60009A71E3 /* Main.storyboard */,
				6DFF3DC620D8EB63009A71E3 /* Assets.xcassets */,
				6DFF3DC820D8EB63009A71E3 /* LaunchScreen.storyboard */,
				6DFF3DCB20D8EB63009A71E3 /* Info.plist */,
			);
			path = sample;
			sourceTree = "<group>";
		};
		6DFF3DD320D8EB63009A71E3 /* sampleTests */ = {
			isa = PBXGroup;
			children = (
				6DFF3DD420D8EB63009A71E3 /* sampleTests.swift */,
				6DFF3DD620D8EB63009A71E3 /* Info.plist */,
			);
			path = sampleTests;
			sourceTree = "<group>";
		};
		6DFF3DDE20D8EB63009A71E3 /* sampleUITests */ = {
			isa = PBXGroup;
			children = (
				6DFF3DDF20D8EB63009A71E3 /* sampleUITests.swift */,
				6DFF3DE120D8EB63009A71E3 /* Info.plist */,
			);
			path = sampleUITests;
			sourceTree = "<group>";
		};
/* End PBXGroup section */

/* Begin PBXNativeTarget section */
		6DFF3DBB20D8EB5F009A71E3 /* sample */ = {
			isa = PBXNativeTarget;
			buildConfigurationList = 6DFF3DE420D8EB63009A71E3 /* Build configuration list for PBXNativeTarget "sample" */;
			buildPhases = (
				6DFF3DB820D8EB5F009A71E3 /* Sources */,
				6DFF3DB920D8EB5F009A71E3 /* Frameworks */,
				6DFF3DBA20D8EB5F009A71E3 /* Resources */,
			);
			buildRules = (
			);
			dependencies = (
			);
			name = sample;
			productName = sample;
			productReference = 6DFF3DBC20D8EB5F009A71E3 /* sample.app */;
			productType = "com.apple.product-type.application";
		};
		6DFF3DCF20D8EB63009A71E3 /* sampleTests */ = {
			isa = PBXNativeTarget;
			buildConfigurationList = 6DFF3DE720D8EB63009A71E3 /* Build configuration list for PBXNativeTarget "sampleTests" */;
			buildPhases = (
				6DFF3DCC20D8EB63009A71E3 /* Sources */,
				6DFF3DCD20D8EB63009A71E3 /* Frameworks */,
				6DFF3DCE20D8EB63009A71E3 /* Resources */,
			);
			buildRules = (
			);
			dependencies = (
				6DFF3DD220D8EB63009A71E3 /* PBXTargetDependency */,
			);
			name = sampleTests;
			productName = sampleTests;
			productReference = 6DFF3DD020D8EB63009A71E3 /* sampleTests.xctest */;
			productType = "com.apple.product-type.bundle.unit-test";
		};
		6DFF3DDA20D8EB63009A71E3 /* sampleUITests */ = {
			isa = PBXNativeTarget;
			buildConfigurationList = 6DFF3DEA20D8EB63009A71E3 /* Build configuration list for PBXNativeTarget "sampleUITests" */;
			buildPhases = (
				6DFF3DD720D8EB63009A71E3 /* Sources */,
				6DFF3DD820D8EB63009A71E3 /* Frameworks */,
				6DFF3DD920D8EB63009A71E3 /* Resources */,
			);
			buildRules = (
			);
			dependencies = (
				6DFF3DDD20D8EB63009A71E3 /* PBXTargetDependency */,
			);
			name = sampleUITests;
			productName = sampleUITests;
			productReference = 6DFF3DDB20D8EB63009A71E3 /* sampleUITests.xctest */;
			productType = "com.apple.product-type.bundle.ui-testing";
		};
/* End PBXNativeTarget section */

/* Begin PBXProject section */
		6DFF3DB420D8EB5F009A71E3 /* Project object */ = {
			isa = PBXProject;
			attributes = {
				LastSwiftUpdateCheck = 0940;
				LastUpgradeCheck = 0940;
				ORGANIZATIONNAME = "おけちゃん";
				TargetAttributes = {
					6DFF3DBB20D8EB5F009A71E3 = {
						CreatedOnToolsVersion = 9.4;
					};
					6DFF3DCF20D8EB63009A71E3 = {
						CreatedOnToolsVersion = 9.4;
						TestTargetID = 6DFF3DBB20D8EB5F009A71E3;
					};
					6DFF3DDA20D8EB63009A71E3 = {
						CreatedOnToolsVersion = 9.4;
						TestTargetID = 6DFF3DBB20D8EB5F009A71E3;
					};
				};
			};
			buildConfigurationList = 6DFF3DB720D8EB5F009A71E3 /* Build configuration list for PBXProject "sample" */;
			compatibilityVersion = "Xcode 9.3";
			developmentRegion = en;
			hasScannedForEncodings = 0;
			knownRegions = (
				en,
				Base,
			);
			mainGroup = 6DFF3DB320D8EB5F009A71E3;
			productRefGroup = 6DFF3DBD20D8EB5F009A71E3 /* Products */;
			projectDirPath = "";
			projectRoot = "";
			targets = (
				6DFF3DBB20D8EB5F009A71E3 /* sample */,
				6DFF3DCF20D8EB63009A71E3 /* sampleTests */,
				6DFF3DDA20D8EB63009A71E3 /* sampleUITests */,
			);
		};
/* End PBXProject section */

/* Begin PBXResourcesBuildPhase section */
		6DFF3DBA20D8EB5F009A71E3 /* Resources */ = {
			isa = PBXResourcesBuildPhase;
			buildActionMask = 2147483647;
			files = (
				6DFF3DCA20D8EB63009A71E3 /* LaunchScreen.storyboard in Resources */,
				6DFF3DC720D8EB63009A71E3 /* Assets.xcassets in Resources */,
				6DFF3DC520D8EB60009A71E3 /* Main.storyboard in Resources */,
			);
			runOnlyForDeploymentPostprocessing = 0;
		};
		6DFF3DCE20D8EB63009A71E3 /* Resources */ = {
			isa = PBXResourcesBuildPhase;
			buildActionMask = 2147483647;
			files = (
			);
			runOnlyForDeploymentPostprocessing = 0;
		};
		6DFF3DD920D8EB63009A71E3 /* Resources */ = {
			isa = PBXResourcesBuildPhase;
			buildActionMask = 2147483647;
			files = (
			);
			runOnlyForDeploymentPostprocessing = 0;
		};
/* End PBXResourcesBuildPhase section */

/* Begin PBXSourcesBuildPhase section */
		6DFF3DB820D8EB5F009A71E3 /* Sources */ = {
			isa = PBXSourcesBuildPhase;
			buildActionMask = 2147483647;
			files = (
				6DFF3DC220D8EB60009A71E3 /* ViewController.swift in Sources */,
				6DFF3DC020D8EB5F009A71E3 /* AppDelegate.swift in Sources */,
			);
			runOnlyForDeploymentPostprocessing = 0;
		};
		6DFF3DCC20D8EB63009A71E3 /* Sources */ = {
			isa = PBXSourcesBuildPhase;
			buildActionMask = 2147483647;
			files = (
				6DFF3DD520D8EB63009A71E3 /* sampleTests.swift in Sources */,
			);
			runOnlyForDeploymentPostprocessing = 0;
		};
		6DFF3DD720D8EB63009A71E3 /* Sources */ = {
			isa = PBXSourcesBuildPhase;
			buildActionMask = 2147483647;
			files = (
				6DFF3DE020D8EB63009A71E3 /* sampleUITests.swift in Sources */,
			);
			runOnlyForDeploymentPostprocessing = 0;
		};
/* End PBXSourcesBuildPhase section */

/* Begin PBXTargetDependency section */
		6DFF3DD220D8EB63009A71E3 /* PBXTargetDependency */ = {
			isa = PBXTargetDependency;
			target = 6DFF3DBB20D8EB5F009A71E3 /* sample */;
			targetProxy = 6DFF3DD120D8EB63009A71E3 /* PBXContainerItemProxy */;
		};
		6DFF3DDD20D8EB63009A71E3 /* PBXTargetDependency */ = {
			isa = PBXTargetDependency;
			target = 6DFF3DBB20D8EB5F009A71E3 /* sample */;
			targetProxy = 6DFF3DDC20D8EB63009A71E3 /* PBXContainerItemProxy */;
		};
/* End PBXTargetDependency section */

/* Begin PBXVariantGroup section */
		6DFF3DC320D8EB60009A71E3 /* Main.storyboard */ = {
			isa = PBXVariantGroup;
			children = (
				6DFF3DC420D8EB60009A71E3 /* Base */,
			);
			name = Main.storyboard;
			sourceTree = "<group>";
		};
		6DFF3DC820D8EB63009A71E3 /* LaunchScreen.storyboard */ = {
			isa = PBXVariantGroup;
			children = (
				6DFF3DC920D8EB63009A71E3 /* Base */,
			);
			name = LaunchScreen.storyboard;
			sourceTree = "<group>";
		};
/* End PBXVariantGroup section */

/* Begin XCBuildConfiguration section */
		6DFF3DE220D8EB63009A71E3 /* Debug */ = {
			isa = XCBuildConfiguration;
			buildSettings = {
				ALWAYS_SEARCH_USER_PATHS = NO;
				CLANG_ANALYZER_NONNULL = YES;
				CLANG_ANALYZER_NUMBER_OBJECT_CONVERSION = YES_AGGRESSIVE;
				CLANG_CXX_LANGUAGE_STANDARD = "gnu++14";
				CLANG_CXX_LIBRARY = "libc++";
				CLANG_ENABLE_MODULES = YES;
				CLANG_ENABLE_OBJC_ARC = YES;
				CLANG_ENABLE_OBJC_WEAK = YES;
				CLANG_WARN_BLOCK_CAPTURE_AUTORELEASING = YES;
				CLANG_WARN_BOOL_CONVERSION = YES;
				CLANG_WARN_COMMA = YES;
				CLANG_WARN_CONSTANT_CONVERSION = YES;
				CLANG_WARN_DEPRECATED_OBJC_IMPLEMENTATIONS = YES;
				CLANG_WARN_DIRECT_OBJC_ISA_USAGE = YES_ERROR;
				CLANG_WARN_DOCUMENTATION_COMMENTS = YES;
				CLANG_WARN_EMPTY_BODY = YES;
				CLANG_WARN_ENUM_CONVERSION = YES;
				CLANG_WARN_INFINITE_RECURSION = YES;
				CLANG_WARN_INT_CONVERSION = YES;
				CLANG_WARN_NON_LITERAL_NULL_CONVERSION = YES;
				CLANG_WARN_OBJC_IMPLICIT_RETAIN_SELF = YES;
				CLANG_WARN_OBJC_LITERAL_CONVERSION = YES;
				CLANG_WARN_OBJC_ROOT_CLASS = YES_ERROR;
				CLANG_WARN_RANGE_LOOP_ANALYSIS = YES;
				CLANG_WARN_STRICT_PROTOTYPES = YES;
				CLANG_WARN_SUSPICIOUS_MOVE = YES;
				CLANG_WARN_UNGUARDED_AVAILABILITY = YES_AGGRESSIVE;
				CLANG_WARN_UNREACHABLE_CODE = YES;
				CLANG_WARN__DUPLICATE_METHOD_MATCH = YES;
				CODE_SIGN_IDENTITY = "iPhone Developer";
				COPY_PHASE_STRIP = NO;
				DEBUG_INFORMATION_FORMAT = dwarf;
				ENABLE_STRICT_OBJC_MSGSEND = YES;
				ENABLE_TESTABILITY = YES;
				GCC_C_LANGUAGE_STANDARD = gnu11;
				GCC_DYNAMIC_NO_PIC = NO;
				GCC_NO_COMMON_BLOCKS = YES;
				GCC_OPTIMIZATION_LEVEL = 0;
				GCC_PREPROCESSOR_DEFINITIONS = (
					"DEBUG=1",
					"$(inherited)",
				);
				GCC_WARN_64_TO_32_BIT_CONVERSION = YES;
				GCC_WARN_ABOUT_RETURN_TYPE = YES_ERROR;
				GCC_WARN_UNDECLARED_SELECTOR = YES;
				GCC_WARN_UNINITIALIZED_AUTOS = YES_AGGRESSIVE;
				GCC_WARN_UNUSED_FUNCTION = YES;
				GCC_WARN_UNUSED_VARIABLE = YES;
				IPHONEOS_DEPLOYMENT_TARGET = 11.4;
				MTL_ENABLE_DEBUG_INFO = YES;
				ONLY_ACTIVE_ARCH = YES;
				SDKROOT = iphoneos;
				SWIFT_ACTIVE_COMPILATION_CONDITIONS = DEBUG;
				SWIFT_OPTIMIZATION_LEVEL = "-Onone";
			};
			name = Debug;
		};
		6DFF3DE320D8EB63009A71E3 /* Release */ = {
			isa = XCBuildConfiguration;
			buildSettings = {
				ALWAYS_SEARCH_USER_PATHS = NO;
				CLANG_ANALYZER_NONNULL = YES;
				CLANG_ANALYZER_NUMBER_OBJECT_CONVERSION = YES_AGGRESSIVE;
				CLANG_CXX_LANGUAGE_STANDARD = "gnu++14";
				CLANG_CXX_LIBRARY = "libc++";
				CLANG_ENABLE_MODULES = YES;
				CLANG_ENABLE_OBJC_ARC = YES;
				CLANG_ENABLE_OBJC_WEAK = YES;
				CLANG_WARN_BLOCK_CAPTURE_AUTORELEASING = YES;
				CLANG_WARN_BOOL_CONVERSION = YES;
				CLANG_WARN_COMMA = YES;
				CLANG_WARN_CONSTANT_CONVERSION = YES;
				CLANG_WARN_DEPRECATED_OBJC_IMPLEMENTATIONS = YES;
				CLANG_WARN_DIRECT_OBJC_ISA_USAGE = YES_ERROR;
				CLANG_WARN_DOCUMENTATION_COMMENTS = YES;
				CLANG_WARN_EMPTY_BODY = YES;
				CLANG_WARN_ENUM_CONVERSION = YES;
				CLANG_WARN_INFINITE_RECURSION = YES;
				CLANG_WARN_INT_CONVERSION = YES;
				CLANG_WARN_NON_LITERAL_NULL_CONVERSION = YES;
				CLANG_WARN_OBJC_IMPLICIT_RETAIN_SELF = YES;
				CLANG_WARN_OBJC_LITERAL_CONVERSION = YES;
				CLANG_WARN_OBJC_ROOT_CLASS = YES_ERROR;
				CLANG_WARN_RANGE_LOOP_ANALYSIS = YES;
				CLANG_WARN_STRICT_PROTOTYPES = YES;
				CLANG_WARN_SUSPICIOUS_MOVE = YES;
				CLANG_WARN_UNGUARDED_AVAILABILITY = YES_AGGRESSIVE;
				CLANG_WARN_UNREACHABLE_CODE = YES;
				CLANG_WARN__DUPLICATE_METHOD_MATCH = YES;
				CODE_SIGN_IDENTITY = "iPhone Developer";
				COPY_PHASE_STRIP = NO;
				DEBUG_INFORMATION_FORMAT = "dwarf-with-dsym";
				ENABLE_NS_ASSERTIONS = NO;
				ENABLE_STRICT_OBJC_MSGSEND = YES;
				GCC_C_LANGUAGE_STANDARD = gnu11;
				GCC_NO_COMMON_BLOCKS = YES;
				GCC_WARN_64_TO_32_BIT_CONVERSION = YES;
				GCC_WARN_ABOUT_RETURN_TYPE = YES_ERROR;
				GCC_WARN_UNDECLARED_SELECTOR = YES;
				GCC_WARN_UNINITIALIZED_AUTOS = YES_AGGRESSIVE;
				GCC_WARN_UNUSED_FUNCTION = YES;
				GCC_WARN_UNUSED_VARIABLE = YES;
				IPHONEOS_DEPLOYMENT_TARGET = 11.4;
				MTL_ENABLE_DEBUG_INFO = NO;
				SDKROOT = iphoneos;
				SWIFT_COMPILATION_MODE = wholemodule;
				SWIFT_OPTIMIZATION_LEVEL = "-O";
				VALIDATE_PRODUCT = YES;
			};
			name = Release;
		};
		6DFF3DE520D8EB63009A71E3 /* Debug */ = {
			isa = XCBuildConfiguration;
			buildSettings = {
				ASSETCATALOG_COMPILER_APPICON_NAME = AppIcon;
				CODE_SIGN_STYLE = Automatic;
				INFOPLIST_FILE = sample/Info.plist;
				LD_RUNPATH_SEARCH_PATHS = (
					"$(inherited)",
					"@executable_path/Frameworks",
				);
				PRODUCT_BUNDLE_IDENTIFIER = okechan.sample;
				PRODUCT_NAME = "$(TARGET_NAME)";
				SWIFT_VERSION = 4.0;
				TARGETED_DEVICE_FAMILY = "1,2";
			};
			name = Debug;
		};
		6DFF3DE620D8EB63009A71E3 /* Release */ = {
			isa = XCBuildConfiguration;
			buildSettings = {
				ASSETCATALOG_COMPILER_APPICON_NAME = AppIcon;
				CODE_SIGN_STYLE = Automatic;
				INFOPLIST_FILE = sample/Info.plist;
				LD_RUNPATH_SEARCH_PATHS = (
					"$(inherited)",
					"@executable_path/Frameworks",
				);
				PRODUCT_BUNDLE_IDENTIFIER = okechan.sample;
				PRODUCT_NAME = "$(TARGET_NAME)";
				SWIFT_VERSION = 4.0;
				TARGETED_DEVICE_FAMILY = "1,2";
			};
			name = Release;
		};
		6DFF3DE820D8EB63009A71E3 /* Debug */ = {
			isa = XCBuildConfiguration;
			buildSettings = {
				ALWAYS_EMBED_SWIFT_STANDARD_LIBRARIES = YES;
				BUNDLE_LOADER = "$(TEST_HOST)";
				CODE_SIGN_STYLE = Automatic;
				INFOPLIST_FILE = sampleTests/Info.plist;
				LD_RUNPATH_SEARCH_PATHS = (
					"$(inherited)",
					"@executable_path/Frameworks",
					"@loader_path/Frameworks",
				);
				PRODUCT_BUNDLE_IDENTIFIER = okechan.sampleTests;
				PRODUCT_NAME = "$(TARGET_NAME)";
				SWIFT_VERSION = 4.0;
				TARGETED_DEVICE_FAMILY = "1,2";
				TEST_HOST = "$(BUILT_PRODUCTS_DIR)/sample.app/sample";
			};
			name = Debug;
		};
		6DFF3DE920D8EB63009A71E3 /* Release */ = {
			isa = XCBuildConfiguration;
			buildSettings = {
				ALWAYS_EMBED_SWIFT_STANDARD_LIBRARIES = YES;
				BUNDLE_LOADER = "$(TEST_HOST)";
				CODE_SIGN_STYLE = Automatic;
				INFOPLIST_FILE = sampleTests/Info.plist;
				LD_RUNPATH_SEARCH_PATHS = (
					"$(inherited)",
					"@executable_path/Frameworks",
					"@loader_path/Frameworks",
				);
				PRODUCT_BUNDLE_IDENTIFIER = okechan.sampleTests;
				PRODUCT_NAME = "$(TARGET_NAME)";
				SWIFT_VERSION = 4.0;
				TARGETED_DEVICE_FAMILY = "1,2";
				TEST_HOST = "$(BUILT_PRODUCTS_DIR)/sample.app/sample";
			};
			name = Release;
		};
		6DFF3DEB20D8EB63009A71E3 /* Debug */ = {
			isa = XCBuildConfiguration;
			buildSettings = {
				ALWAYS_EMBED_SWIFT_STANDARD_LIBRARIES = YES;
				CODE_SIGN_STYLE = Automatic;
				INFOPLIST_FILE = sampleUITests/Info.plist;
				LD_RUNPATH_SEARCH_PATHS = (
					"$(inherited)",
					"@executable_path/Frameworks",
					"@loader_path/Frameworks",
				);
				PRODUCT_BUNDLE_IDENTIFIER = okechan.sampleUITests;
				PRODUCT_NAME = "$(TARGET_NAME)";
				SWIFT_VERSION = 4.0;
				TARGETED_DEVICE_FAMILY = "1,2";
				TEST_TARGET_NAME = sample;
			};
			name = Debug;
		};
		6DFF3DEC20D8EB63009A71E3 /* Release */ = {
			isa = XCBuildConfiguration;
			buildSettings = {
				ALWAYS_EMBED_SWIFT_STANDARD_LIBRARIES = YES;
				CODE_SIGN_STYLE = Automatic;
				INFOPLIST_FILE = sampleUITests/Info.plist;
				LD_RUNPATH_SEARCH_PATHS = (
					"$(inherited)",
					"@executable_path/Frameworks",
					"@loader_path/Frameworks",
				);
				PRODUCT_BUNDLE_IDENTIFIER = okechan.sampleUITests;
				PRODUCT_NAME = "$(TARGET_NAME)";
				SWIFT_VERSION = 4.0;
				TARGETED_DEVICE_FAMILY = "1,2";
				TEST_TARGET_NAME = sample;
			};
			name = Release;
		};
/* End XCBuildConfiguration section */

/* Begin XCConfigurationList section */
		6DFF3DB720D8EB5F009A71E3 /* Build configuration list for PBXProject "sample" */ = {
			isa = XCConfigurationList;
			buildConfigurations = (
				6DFF3DE220D8EB63009A71E3 /* Debug */,
				6DFF3DE320D8EB63009A71E3 /* Release */,
			);
			defaultConfigurationIsVisible = 0;
			defaultConfigurationName = Release;
		};
		6DFF3DE420D8EB63009A71E3 /* Build configuration list for PBXNativeTarget "sample" */ = {
			isa = XCConfigurationList;
			buildConfigurations = (
				6DFF3DE520D8EB63009A71E3 /* Debug */,
				6DFF3DE620D8EB63009A71E3 /* Release */,
			);
			defaultConfigurationIsVisible = 0;
			defaultConfigurationName = Release;
		};
		6DFF3DE720D8EB63009A71E3 /* Build configuration list for PBXNativeTarget "sampleTests" */ = {
			isa = XCConfigurationList;
			buildConfigurations = (
				6DFF3DE820D8EB63009A71E3 /* Debug */,
				6DFF3DE920D8EB63009A71E3 /* Release */,
			);
			defaultConfigurationIsVisible = 0;
			defaultConfigurationName = Release;
		};
		6DFF3DEA20D8EB63009A71E3 /* Build configuration list for PBXNativeTarget "sampleUITests" */ = {
			isa = XCConfigurationList;
			buildConfigurations = (
				6DFF3DEB20D8EB63009A71E3 /* Debug */,
				6DFF3DEC20D8EB63009A71E3 /* Release */,
			);
			defaultConfigurationIsVisible = 0;
			defaultConfigurationName = Release;
		};
/* End XCConfigurationList section */
	};
	rootObject = 6DFF3DB420D8EB5F009A71E3 /* Project object */;
}
